
Microsoft Visual Studio Solution File, Format Version 12.00
# Visual Studio Version 17
VisualStudioVersion = 17.5.33502.453
MinimumVisualStudioVersion = 10.0.40219.1
Project("{FAE04EC0-301F-11D3-BF4B-00C04F79EFBC}") = "BCSD Practice 38", "BCSD Practice 38.csproj", "{95C4DBEF-F6E9-410F-9779-DFE63B52DACC}"
EndProject
Global
	GlobalSection(SolutionConfigurationPlatforms) = preSolution
		Debug|Any CPU = Debug|Any CPU
		Release|Any CPU = Release|Any CPU
	EndGlobalSection
	GlobalSection(ProjectConfigurationPlatforms) = postSolution
		{95C4DBEF-F6E9-410F-9779-DFE63B52DACC}.Debug|Any CPU.ActiveCfg = Debug|Any CPU
		{95C4DBEF-F6E9-410F-9779-DFE63B52DACC}.Debug|Any CPU.Build.0 = Debug|Any CPU
		{95C4DBEF-F6E9-410F-9779-DFE63B52DACC}.Release|Any CPU.ActiveCfg = Release|Any CPU
		{95C4DBEF-F6E9-410F-9779-DFE63B52DACC}.Release|Any CPU.Build.0 = Release|Any CPU
	EndGlobalSection
	GlobalSection(SolutionProperties) = preSolution
		HideSolutionNode = FALSE
	EndGlobalSection
	GlobalSection(ExtensibilityGlobals) = postSolution
		SolutionGuid = {860FDBDB-BB9F-437E-BB35-C6DA3F4C7BC8}
	EndGlobalSection
EndGlobal
