
Microsoft Visual Studio Solution File, Format Version 12.00
# Visual Studio Version 17
VisualStudioVersion = 17.5.33502.453
MinimumVisualStudioVersion = 10.0.40219.1
Project("{FAE04EC0-301F-11D3-BF4B-00C04F79EFBC}") = "BCSD Practice 37", "BCSD Practice 37.csproj", "{E0BE0705-05AC-4A8D-9FC9-05D62EF413BE}"
EndProject
Global
	GlobalSection(SolutionConfigurationPlatforms) = preSolution
		Debug|Any CPU = Debug|Any CPU
		Release|Any CPU = Release|Any CPU
	EndGlobalSection
	GlobalSection(ProjectConfigurationPlatforms) = postSolution
		{E0BE0705-05AC-4A8D-9FC9-05D62EF413BE}.Debug|Any CPU.ActiveCfg = Debug|Any CPU
		{E0BE0705-05AC-4A8D-9FC9-05D62EF413BE}.Debug|Any CPU.Build.0 = Debug|Any CPU
		{E0BE0705-05AC-4A8D-9FC9-05D62EF413BE}.Release|Any CPU.ActiveCfg = Release|Any CPU
		{E0BE0705-05AC-4A8D-9FC9-05D62EF413BE}.Release|Any CPU.Build.0 = Release|Any CPU
	EndGlobalSection
	GlobalSection(SolutionProperties) = preSolution
		HideSolutionNode = FALSE
	EndGlobalSection
	GlobalSection(ExtensibilityGlobals) = postSolution
		SolutionGuid = {C9527D9B-58AF-4299-9A7B-8E2744A8D0B9}
	EndGlobalSection
EndGlobal
