
Microsoft Visual Studio Solution File, Format Version 12.00
# Visual Studio Version 17
VisualStudioVersion = 17.5.33502.453
MinimumVisualStudioVersion = 10.0.40219.1
Project("{FAE04EC0-301F-11D3-BF4B-00C04F79EFBC}") = "BCSD Practice 26", "BCSD Practice 26.csproj", "{56F2247A-72E9-47A6-AF51-8930E1837DD0}"
EndProject
Global
	GlobalSection(SolutionConfigurationPlatforms) = preSolution
		Debug|Any CPU = Debug|Any CPU
		Release|Any CPU = Release|Any CPU
	EndGlobalSection
	GlobalSection(ProjectConfigurationPlatforms) = postSolution
		{56F2247A-72E9-47A6-AF51-8930E1837DD0}.Debug|Any CPU.ActiveCfg = Debug|Any CPU
		{56F2247A-72E9-47A6-AF51-8930E1837DD0}.Debug|Any CPU.Build.0 = Debug|Any CPU
		{56F2247A-72E9-47A6-AF51-8930E1837DD0}.Release|Any CPU.ActiveCfg = Release|Any CPU
		{56F2247A-72E9-47A6-AF51-8930E1837DD0}.Release|Any CPU.Build.0 = Release|Any CPU
	EndGlobalSection
	GlobalSection(SolutionProperties) = preSolution
		HideSolutionNode = FALSE
	EndGlobalSection
	GlobalSection(ExtensibilityGlobals) = postSolution
		SolutionGuid = {13188DBC-249F-4B65-9B59-E06221E92C59}
	EndGlobalSection
EndGlobal
