
Microsoft Visual Studio Solution File, Format Version 12.00
# Visual Studio Version 17
VisualStudioVersion = 17.5.33502.453
MinimumVisualStudioVersion = 10.0.40219.1
Project("{FAE04EC0-301F-11D3-BF4B-00C04F79EFBC}") = "BCSD Practice 36", "BCSD Practice 36.csproj", "{69C5C35E-0BBB-4244-94C7-4E6E4FFBC668}"
EndProject
Global
	GlobalSection(SolutionConfigurationPlatforms) = preSolution
		Debug|Any CPU = Debug|Any CPU
		Release|Any CPU = Release|Any CPU
	EndGlobalSection
	GlobalSection(ProjectConfigurationPlatforms) = postSolution
		{69C5C35E-0BBB-4244-94C7-4E6E4FFBC668}.Debug|Any CPU.ActiveCfg = Debug|Any CPU
		{69C5C35E-0BBB-4244-94C7-4E6E4FFBC668}.Debug|Any CPU.Build.0 = Debug|Any CPU
		{69C5C35E-0BBB-4244-94C7-4E6E4FFBC668}.Release|Any CPU.ActiveCfg = Release|Any CPU
		{69C5C35E-0BBB-4244-94C7-4E6E4FFBC668}.Release|Any CPU.Build.0 = Release|Any CPU
	EndGlobalSection
	GlobalSection(SolutionProperties) = preSolution
		HideSolutionNode = FALSE
	EndGlobalSection
	GlobalSection(ExtensibilityGlobals) = postSolution
		SolutionGuid = {FCAB2B3B-288A-47F7-A2FA-A6FA67168C60}
	EndGlobalSection
EndGlobal
