
Microsoft Visual Studio Solution File, Format Version 12.00
# Visual Studio Version 17
VisualStudioVersion = 17.5.33502.453
MinimumVisualStudioVersion = 10.0.40219.1
Project("{FAE04EC0-301F-11D3-BF4B-00C04F79EFBC}") = "BCSD Practice 31", "BCSD Practice 31.csproj", "{60626FFF-8886-4C63-8380-167784D35B3B}"
EndProject
Global
	GlobalSection(SolutionConfigurationPlatforms) = preSolution
		Debug|Any CPU = Debug|Any CPU
		Release|Any CPU = Release|Any CPU
	EndGlobalSection
	GlobalSection(ProjectConfigurationPlatforms) = postSolution
		{60626FFF-8886-4C63-8380-167784D35B3B}.Debug|Any CPU.ActiveCfg = Debug|Any CPU
		{60626FFF-8886-4C63-8380-167784D35B3B}.Debug|Any CPU.Build.0 = Debug|Any CPU
		{60626FFF-8886-4C63-8380-167784D35B3B}.Release|Any CPU.ActiveCfg = Release|Any CPU
		{60626FFF-8886-4C63-8380-167784D35B3B}.Release|Any CPU.Build.0 = Release|Any CPU
	EndGlobalSection
	GlobalSection(SolutionProperties) = preSolution
		HideSolutionNode = FALSE
	EndGlobalSection
	GlobalSection(ExtensibilityGlobals) = postSolution
		SolutionGuid = {943C4E86-C10D-4568-AB54-F8DA26E76008}
	EndGlobalSection
EndGlobal
